
Microsoft Visual Studio Solution File, Format Version 12.00
# Visual Studio Version 17
VisualStudioVersion = 17.10.34928.147
MinimumVisualStudioVersion = 10.0.40219.1
Project("{FAE04EC0-301F-11D3-BF4B-00C04F79EFBC}") = "Wpf21.10.2024", "Wpf21.10.2024\Wpf21.10.2024.csproj", "{7961A847-10C6-46FD-A731-697B90DF1E43}"
EndProject
Global
	GlobalSection(SolutionConfigurationPlatforms) = preSolution
		Debug|Any CPU = Debug|Any CPU
		Release|Any CPU = Release|Any CPU
	EndGlobalSection
	GlobalSection(ProjectConfigurationPlatforms) = postSolution
		{7961A847-10C6-46FD-A731-697B90DF1E43}.Debug|Any CPU.ActiveCfg = Debug|Any CPU
		{7961A847-10C6-46FD-A731-697B90DF1E43}.Debug|Any CPU.Build.0 = Debug|Any CPU
		{7961A847-10C6-46FD-A731-697B90DF1E43}.Release|Any CPU.ActiveCfg = Release|Any CPU
		{7961A847-10C6-46FD-A731-697B90DF1E43}.Release|Any CPU.Build.0 = Release|Any CPU
	EndGlobalSection
	GlobalSection(SolutionProperties) = preSolution
		HideSolutionNode = FALSE
	EndGlobalSection
	GlobalSection(ExtensibilityGlobals) = postSolution
		SolutionGuid = {B1761807-DA53-4839-A083-1D97AD11E9C5}
	EndGlobalSection
EndGlobal
